
Microsoft Visual Studio Solution File, Format Version 12.00
# Visual Studio Version 16
VisualStudioVersion = 16.0.30225.117
MinimumVisualStudioVersion = 10.0.40219.1
Project("{9A19103F-16F7-4668-BE54-9A1E7A4F7556}") = "XPY.WebsiteSolution.Database", "XPY.WebsiteSolution.Database\XPY.WebsiteSolution.Database.csproj", "{993249AD-6974-4C3B-8B32-6A4FB215DD72}"
EndProject
Project("{9A19103F-16F7-4668-BE54-9A1E7A4F7556}") = "XPY.WebsiteSolution.Models", "XPY.WebsiteSolution.Models\XPY.WebsiteSolution.Models.csproj", "{ED8A1E23-74E6-4E1C-BD64-B43C410D6997}"
EndProject
Project("{9A19103F-16F7-4668-BE54-9A1E7A4F7556}") = "XPY.WebsiteSolution.Utilities", "XPY.WebsiteSolution.Utilities\XPY.WebsiteSolution.Utilities.csproj", "{8A4279D8-6E04-4F43-BA95-90F063BE562C}"
EndProject
Project("{9A19103F-16F7-4668-BE54-9A1E7A4F7556}") = "XPY.WebsiteSolution.Web", "XPY.WebsiteSolution.Web\XPY.WebsiteSolution.Web.csproj", "{F9BAA7E3-A613-4384-8D73-4DC1E9C9FB73}"
EndProject
Project("{FAE04EC0-301F-11D3-BF4B-00C04F79EFBC}") = "XPY.WebsiteSolution.Application", "XPY.WebsiteSolution.Application\XPY.WebsiteSolution.Application.csproj", "{CFD9AF8E-39F7-40EC-BBDE-108E647AA02C}"
EndProject
Global
	GlobalSection(SolutionConfigurationPlatforms) = preSolution
		Debug|Any CPU = Debug|Any CPU
		Release|Any CPU = Release|Any CPU
	EndGlobalSection
	GlobalSection(ProjectConfigurationPlatforms) = postSolution
		{993249AD-6974-4C3B-8B32-6A4FB215DD72}.Debug|Any CPU.ActiveCfg = Debug|Any CPU
		{993249AD-6974-4C3B-8B32-6A4FB215DD72}.Debug|Any CPU.Build.0 = Debug|Any CPU
		{993249AD-6974-4C3B-8B32-6A4FB215DD72}.Release|Any CPU.ActiveCfg = Release|Any CPU
		{993249AD-6974-4C3B-8B32-6A4FB215DD72}.Release|Any CPU.Build.0 = Release|Any CPU
		{ED8A1E23-74E6-4E1C-BD64-B43C410D6997}.Debug|Any CPU.ActiveCfg = Debug|Any CPU
		{ED8A1E23-74E6-4E1C-BD64-B43C410D6997}.Debug|Any CPU.Build.0 = Debug|Any CPU
		{ED8A1E23-74E6-4E1C-BD64-B43C410D6997}.Release|Any CPU.ActiveCfg = Release|Any CPU
		{ED8A1E23-74E6-4E1C-BD64-B43C410D6997}.Release|Any CPU.Build.0 = Release|Any CPU
		{8A4279D8-6E04-4F43-BA95-90F063BE562C}.Debug|Any CPU.ActiveCfg = Debug|Any CPU
		{8A4279D8-6E04-4F43-BA95-90F063BE562C}.Debug|Any CPU.Build.0 = Debug|Any CPU
		{8A4279D8-6E04-4F43-BA95-90F063BE562C}.Release|Any CPU.ActiveCfg = Release|Any CPU
		{8A4279D8-6E04-4F43-BA95-90F063BE562C}.Release|Any CPU.Build.0 = Release|Any CPU
		{F9BAA7E3-A613-4384-8D73-4DC1E9C9FB73}.Debug|Any CPU.ActiveCfg = Debug|Any CPU
		{F9BAA7E3-A613-4384-8D73-4DC1E9C9FB73}.Debug|Any CPU.Build.0 = Debug|Any CPU
		{F9BAA7E3-A613-4384-8D73-4DC1E9C9FB73}.Release|Any CPU.ActiveCfg = Release|Any CPU
		{F9BAA7E3-A613-4384-8D73-4DC1E9C9FB73}.Release|Any CPU.Build.0 = Release|Any CPU
		{CFD9AF8E-39F7-40EC-BBDE-108E647AA02C}.Debug|Any CPU.ActiveCfg = Debug|Any CPU
		{CFD9AF8E-39F7-40EC-BBDE-108E647AA02C}.Debug|Any CPU.Build.0 = Debug|Any CPU
		{CFD9AF8E-39F7-40EC-BBDE-108E647AA02C}.Release|Any CPU.ActiveCfg = Release|Any CPU
		{CFD9AF8E-39F7-40EC-BBDE-108E647AA02C}.Release|Any CPU.Build.0 = Release|Any CPU
	EndGlobalSection
	GlobalSection(SolutionProperties) = preSolution
		HideSolutionNode = FALSE
	EndGlobalSection
	GlobalSection(ExtensibilityGlobals) = postSolution
		SolutionGuid = {B6E89552-8227-456B-8056-E135BFB2A6AC}
	EndGlobalSection
EndGlobal
